
Microsoft Visual Studio Solution File, Format Version 12.00
# Visual Studio Version 16
VisualStudioVersion = 16.0.31402.337
MinimumVisualStudioVersion = 10.0.40219.1
Project("{FAE04EC0-301F-11D3-BF4B-00C04F79EFBC}") = "CSVParserLinkContactWBusiness", "CSVParserLinkContactWBusiness.csproj", "{561CD9BC-DD94-4894-9698-10F54355726A}"
EndProject
Global
	GlobalSection(SolutionConfigurationPlatforms) = preSolution
		Debug|Any CPU = Debug|Any CPU
		Release|Any CPU = Release|Any CPU
	EndGlobalSection
	GlobalSection(ProjectConfigurationPlatforms) = postSolution
		{561CD9BC-DD94-4894-9698-10F54355726A}.Debug|Any CPU.ActiveCfg = Debug|Any CPU
		{561CD9BC-DD94-4894-9698-10F54355726A}.Debug|Any CPU.Build.0 = Debug|Any CPU
		{561CD9BC-DD94-4894-9698-10F54355726A}.Release|Any CPU.ActiveCfg = Release|Any CPU
		{561CD9BC-DD94-4894-9698-10F54355726A}.Release|Any CPU.Build.0 = Release|Any CPU
	EndGlobalSection
	GlobalSection(SolutionProperties) = preSolution
		HideSolutionNode = FALSE
	EndGlobalSection
	GlobalSection(ExtensibilityGlobals) = postSolution
		SolutionGuid = {706B906D-979C-433F-B541-5BDD5858C379}
	EndGlobalSection
EndGlobal
