
Microsoft Visual Studio Solution File, Format Version 12.00
# Visual Studio Version 16
VisualStudioVersion = 16.0.31321.278
MinimumVisualStudioVersion = 10.0.40219.1
Project("{00D1A9C2-B5F0-4AF3-8072-F6C62B433612}") = "Database1", "Database1.sqlproj", "{A05D1F90-2139-450F-8F72-4E05B5190315}"
EndProject
Global
	GlobalSection(SolutionConfigurationPlatforms) = preSolution
		Debug|Any CPU = Debug|Any CPU
		Release|Any CPU = Release|Any CPU
	EndGlobalSection
	GlobalSection(ProjectConfigurationPlatforms) = postSolution
		{A05D1F90-2139-450F-8F72-4E05B5190315}.Debug|Any CPU.ActiveCfg = Debug|Any CPU
		{A05D1F90-2139-450F-8F72-4E05B5190315}.Debug|Any CPU.Build.0 = Debug|Any CPU
		{A05D1F90-2139-450F-8F72-4E05B5190315}.Debug|Any CPU.Deploy.0 = Debug|Any CPU
		{A05D1F90-2139-450F-8F72-4E05B5190315}.Release|Any CPU.ActiveCfg = Release|Any CPU
		{A05D1F90-2139-450F-8F72-4E05B5190315}.Release|Any CPU.Build.0 = Release|Any CPU
		{A05D1F90-2139-450F-8F72-4E05B5190315}.Release|Any CPU.Deploy.0 = Release|Any CPU
	EndGlobalSection
	GlobalSection(SolutionProperties) = preSolution
		HideSolutionNode = FALSE
	EndGlobalSection
	GlobalSection(ExtensibilityGlobals) = postSolution
		SolutionGuid = {44B6603D-FE4E-4349-9C90-141432BD5A97}
	EndGlobalSection
EndGlobal
