
Microsoft Visual Studio Solution File, Format Version 12.00
# Visual Studio Version 16
VisualStudioVersion = 16.0.31313.79
MinimumVisualStudioVersion = 10.0.40219.1
Project("{FAE04EC0-301F-11D3-BF4B-00C04F79EFBC}") = "Music-mvc", "Music-mvc.csproj", "{37CBA971-86AF-4ADC-B031-85E9B053594A}"
EndProject
Global
	GlobalSection(SolutionConfigurationPlatforms) = preSolution
		Debug|Any CPU = Debug|Any CPU
		Release|Any CPU = Release|Any CPU
	EndGlobalSection
	GlobalSection(ProjectConfigurationPlatforms) = postSolution
		{37CBA971-86AF-4ADC-B031-85E9B053594A}.Debug|Any CPU.ActiveCfg = Debug|Any CPU
		{37CBA971-86AF-4ADC-B031-85E9B053594A}.Debug|Any CPU.Build.0 = Debug|Any CPU
		{37CBA971-86AF-4ADC-B031-85E9B053594A}.Release|Any CPU.ActiveCfg = Release|Any CPU
		{37CBA971-86AF-4ADC-B031-85E9B053594A}.Release|Any CPU.Build.0 = Release|Any CPU
	EndGlobalSection
	GlobalSection(SolutionProperties) = preSolution
		HideSolutionNode = FALSE
	EndGlobalSection
	GlobalSection(ExtensibilityGlobals) = postSolution
		SolutionGuid = {ADBD3F2C-8B02-4BE2-95B0-69FBA457810C}
	EndGlobalSection
EndGlobal
