
Microsoft Visual Studio Solution File, Format Version 12.00
# Visual Studio Version 16
VisualStudioVersion = 16.0.31313.79
MinimumVisualStudioVersion = 10.0.40219.1
Project("{9A19103F-16F7-4668-BE54-9A1E7A4F7556}") = "Investments", "Investments.csproj", "{705552A3-1CBB-4608-A988-EBF21B4FBC63}"
EndProject
Project("{FAE04EC0-301F-11D3-BF4B-00C04F79EFBC}") = "InvestmentsTests", "..\InvestmentsTests\InvestmentsTests.csproj", "{117A2445-BEE4-4CB2-81C2-E84478019A4D}"
EndProject
Global
	GlobalSection(SolutionConfigurationPlatforms) = preSolution
		Debug|Any CPU = Debug|Any CPU
		Release|Any CPU = Release|Any CPU
	EndGlobalSection
	GlobalSection(ProjectConfigurationPlatforms) = postSolution
		{705552A3-1CBB-4608-A988-EBF21B4FBC63}.Debug|Any CPU.ActiveCfg = Debug|Any CPU
		{705552A3-1CBB-4608-A988-EBF21B4FBC63}.Debug|Any CPU.Build.0 = Debug|Any CPU
		{705552A3-1CBB-4608-A988-EBF21B4FBC63}.Release|Any CPU.ActiveCfg = Release|Any CPU
		{705552A3-1CBB-4608-A988-EBF21B4FBC63}.Release|Any CPU.Build.0 = Release|Any CPU
		{117A2445-BEE4-4CB2-81C2-E84478019A4D}.Debug|Any CPU.ActiveCfg = Debug|Any CPU
		{117A2445-BEE4-4CB2-81C2-E84478019A4D}.Debug|Any CPU.Build.0 = Debug|Any CPU
		{117A2445-BEE4-4CB2-81C2-E84478019A4D}.Release|Any CPU.ActiveCfg = Release|Any CPU
		{117A2445-BEE4-4CB2-81C2-E84478019A4D}.Release|Any CPU.Build.0 = Release|Any CPU
	EndGlobalSection
	GlobalSection(SolutionProperties) = preSolution
		HideSolutionNode = FALSE
	EndGlobalSection
	GlobalSection(ExtensibilityGlobals) = postSolution
		SolutionGuid = {DF0E0750-4B73-4007-8F21-6633ECC935B7}
	EndGlobalSection
EndGlobal
